# This file is autogenerated, do not edit; changes may be undone by the next 'dep ensure'.


[[projects]]
  name = "github.com/PuerkitoBio/goquery"
  packages = ["."]
  revision = "1a71cc719d0d5b9e4f14ae072bef08b576b0bab5"

[[projects]]
  name = "github.com/andybalholm/cascadia"
  packages = ["."]
  revision = "349dd0209470eabd9514242c688c403c0926d266"

[[projects]]
  name = "github.com/araddon/dateparse"
  packages = ["."]
  revision = "036f821411c0b5b61c9eb8f1b947d9ec1f7f64a3"

[[projects]]
  branch = "master"
  name = "github.com/bluele/gcache"
  packages = ["."]
  revision = "472614239ac7e5bc6461e237c798a6ebd5aff8c1"

[[projects]]
  branch = "master"
  name = "github.com/boj/redistore"
  packages = ["."]
  revision = "4562487a4bee9a7c272b72bfaeda4917d0a47ab9"

[[projects]]
  branch = "master"
  name = "github.com/bradfitz/gomemcache"
  packages = ["memcache"]
  revision = "1952afaa557dc08e8e0d89eafab110fb501c1a2b"

[[projects]]
  branch = "master"
  name = "github.com/bradleypeabody/gorilla-sessions-memcache"
  packages = ["."]
  revision = "75ee37df8664a47cd5d9eb84d41e1f2b08086893"

[[projects]]
  name = "github.com/dustin/go-humanize"
  packages = ["."]
  revision = "77ed807830b4df581417e7f89eb81d4872832b72"

[[projects]]
  name = "github.com/garyburd/redigo"
  packages = [
    "internal",
    "redis"
  ]
  revision = "34a326de1fea52965fa5ad664d3fc7163dd4b0a1"
  version = "v1.2.0"

[[projects]]
  name = "github.com/gin-contrib/sessions"
  packages = ["."]
  revision = "cccdeef56346e7037ca92de250c2b55ef5e7ffe3"

[[projects]]
  branch = "master"
  name = "github.com/gin-contrib/sse"
  packages = ["."]
  revision = "22d885f9ecc78bf4ee5d72b937e4bbcdc58e8cae"

[[projects]]
  name = "github.com/gin-gonic/gin"
  packages = [
    ".",
    "binding",
    "json",
    "render"
  ]
  revision = "b8b68314faa067acae5b17c828127b04af51ebe2"

[[projects]]
  name = "github.com/go-sql-driver/mysql"
  packages = ["."]
  revision = "2e00b5cd70399450106cec6431c2e2ce3cae5034"

[[projects]]
  name = "github.com/golang/protobuf"
  packages = ["proto"]
  revision = "8ee79997227bf9b34611aee7946ae64735e6fd93"

[[projects]]
  branch = "master"
  name = "github.com/gorilla/context"
  packages = ["."]
  revision = "08b5f424b9271eedf6f9f0ce86cb9396ed337a42"

[[projects]]
  name = "github.com/gorilla/feeds"
  packages = ["."]
  revision = "4b936b5221c53c99fcd4b15ac0b8c38ff490ab89"
  version = "v1.0.0"

[[projects]]
  name = "github.com/gorilla/securecookie"
  packages = ["."]
  revision = "e59506cc896acb7f7bf732d4fdf5e25f7ccd8983"
  version = "v1.1.1"

[[projects]]
  name = "github.com/gorilla/sessions"
  packages = ["."]
  revision = "a3acf13e802c358d65f249324d14ed24aac11370"

[[projects]]
  branch = "master"
  name = "github.com/hackebrot/turtle"
  packages = ["."]
  revision = "a7f0ff34fdd62b552db01c81dff3cf029e0c2889"

[[projects]]
  name = "github.com/jinzhu/gorm"
  packages = [
    ".",
    "dialects/mysql",
    "dialects/sqlite"
  ]
  revision = "b1885a643b4977c9089d77eb07c0fd96591f94b8"

[[projects]]
  name = "github.com/jinzhu/inflection"
  packages = ["."]
  revision = "1c35d901db3da928c72a72d8458480cc9ade058f"

[[projects]]
  name = "github.com/json-iterator/go"
  packages = ["."]
  revision = "ca39e5af3ece67bbcda3d0f4f56a8e24d9f2dad4"
  version = "1.1.3"

[[projects]]
  branch = "master"
  name = "github.com/kidstuff/mongostore"
  packages = ["."]
  revision = "256d65ac5b0e35e7c5ebb3f175c0bed1e5c2b253"

[[projects]]
  name = "github.com/mattn/go-isatty"
  packages = ["."]
  revision = "a5cdd64afdee435007ee3e9f6ed4684af949d568"

[[projects]]
  name = "github.com/mattn/go-sqlite3"
  packages = ["."]
  revision = "5160b48509cf5c877bc22c11c373f8c7738cdb38"
  version = "v1.3.0"

[[projects]]
  name = "github.com/microcosm-cc/bluemonday"
  packages = ["."]
  revision = "68fecaef60268522d2ac3f0123cec9d3bcab7b6e"

[[projects]]
  name = "github.com/modern-go/concurrent"
  packages = ["."]
  revision = "bacd9c7ef1dd9b15be4a9909b8ac7a4e313eec94"
  version = "1.0.3"

[[projects]]
  name = "github.com/modern-go/reflect2"
  packages = ["."]
  revision = "1df9eeb2bb81f327b96228865c5687bc2194af3f"
  version = "1.0.0"

[[projects]]
  branch = "master"
  name = "github.com/moul/http2curl"
  packages = ["."]
  revision = "9ac6cf4d929b2fa8fd2d2e6dec5bb0feb4f4911d"

[[projects]]
  name = "github.com/mssola/user_agent"
  packages = ["."]
  revision = "85b2f5798558a46fc23443c596e781712f4b7792"
  version = "v0.4.1"

[[projects]]
  branch = "develop"
  name = "github.com/parnurzeal/gorequest"
  packages = ["."]
  revision = "8e3aed27fe49f7fdc765dad067845f600fc984e8"

[[projects]]
  name = "github.com/pkg/errors"
  packages = ["."]
  revision = "f15c970de5b76fac0b59abb32d62c17cc7bed265"

[[projects]]
  name = "github.com/qiniu/api.v7"
  packages = [
    "auth/qbox",
    "conf",
    "storage"
  ]
  revision = "0c661d0ca96771709f67b3d9eac10f27033b1f2a"
  version = "v7.2.3"

[[projects]]
  name = "github.com/qiniu/x"
  packages = [
    "bytes.v7",
    "bytes.v7/seekable",
    "ctype.v7",
    "rpc.v7",
    "xlog.v7"
  ]
  revision = "946c4a16076d6d98aeb78619e2bd4012357f7228"
  version = "v7.0.8"

[[projects]]
  name = "github.com/satori/go.uuid"
  packages = ["."]
  revision = "5bf94b69c6b68ee1b541973bb8e1144db23a194b"

[[projects]]
  branch = "master"
  name = "github.com/shurcooL/sanitized_anchor_name"
  packages = ["."]
  revision = "86672fcb3f950f35f2e675df2240550f2a50762f"

[[projects]]
  name = "github.com/ugorji/go"
  packages = ["codec"]
  revision = "c3953defa8f202d85a6d73eead7b77073bf5701a"

[[projects]]
  branch = "master"
  name = "github.com/vinta/pangu"
  packages = ["."]
  revision = "f1cdb73eaf33f9057f38302f610a021bbca5b46a"

[[projects]]
  name = "golang.org/x/net"
  packages = [
    "context",
    "html",
    "html/atom",
    "idna",
    "publicsuffix"
  ]
  revision = "f2499483f923065a842d38eb4c7f1927e6fc6e6d"

[[projects]]
  name = "golang.org/x/sys"
  packages = ["unix"]
  revision = "0b25a408a50076fbbcae6b7ac0ea5fbb0b085e79"

[[projects]]
  name = "golang.org/x/text"
  packages = [
    "encoding",
    "encoding/internal",
    "encoding/internal/identifier",
    "encoding/simplifiedchinese",
    "internal/gen",
    "transform",
    "unicode/cldr"
  ]
  revision = "f21a4dfb5e38f5895301dc265a8def02365cc3d0"
  version = "v0.3.0"

[[projects]]
  name = "gopkg.in/go-playground/validator.v8"
  packages = ["."]
  revision = "5f1438d3fca68893a817e4a66806cea46a9e4ebf"
  version = "v8.18.2"

[[projects]]
  branch = "v2"
  name = "gopkg.in/mgo.v2"
  packages = [
    ".",
    "bson",
    "internal/json",
    "internal/sasl",
    "internal/scram"
  ]
  revision = "3f83fa5005286a7fe593b055f0d7771a7dce4655"

[[projects]]
  name = "gopkg.in/russross/blackfriday.v2"
  packages = ["."]
  revision = "cadec560ec52d93835bf2f15bd794700d3a2473b"
  version = "v2.0.0"

[[projects]]
  name = "gopkg.in/yaml.v2"
  packages = ["."]
  revision = "4c78c975fe7c825c6d1466c42be594d1d6f3aba6"

[[projects]]
  name = "qiniupkg.com/x"
  packages = [
    "bytes.v7",
    "log.v7",
    "reqid.v7"
  ]
  revision = "8fdcb89a80ae34e50b752c0dace258eb0256d2d8"
  version = "v7.0.7"

[solve-meta]
  analyzer-name = "dep"
  analyzer-version = 1
  inputs-digest = "808142353f7945fa3249c8aa73f316b7509bb3a3c646c10906757c60c8fbd44b"
  solver-name = "gps-cdcl"
  solver-version = 1
